// !$*UTF8*$!
{
	archiveVersion = 1;
	classes = {
	};
	objectVersion = 46;
	objects = {

/* Begin PBXBuildFile section */
		410781921FA7768A00D702D7 /* AdobeCreativeSDKCore.framework in Frameworks */ = {isa = PBXBuildFile; fileRef = 410781901FA7768A00D702D7 /* AdobeCreativeSDKCore.framework */; };
		410781931FA7768A00D702D7 /* AdobeCreativeSDKImage.framework in Frameworks */ = {isa = PBXBuildFile; fileRef = 410781911FA7768A00D702D7 /* AdobeCreativeSDKImage.framework */; };
		410781951FA776E900D702D7 /* AdobeCreativeSDKCore.framework in Embed Frameworks */ = {isa = PBXBuildFile; fileRef = 410781901FA7768A00D702D7 /* AdobeCreativeSDKCore.framework */; settings = {ATTRIBUTES = (CodeSignOnCopy, RemoveHeadersOnCopy, ); }; };
		410781981FA776F000D702D7 /* AdobeCreativeSDKImage.framework in Embed Frameworks */ = {isa = PBXBuildFile; fileRef = 410781911FA7768A00D702D7 /* AdobeCreativeSDKImage.framework */; settings = {ATTRIBUTES = (CodeSignOnCopy, RemoveHeadersOnCopy, ); }; };
		4107819A1FA778D400D702D7 /* libc++.tbd in Frameworks */ = {isa = PBXBuildFile; fileRef = 410781991FA778D400D702D7 /* libc++.tbd */; };
		4107819D1FA778F900D702D7 /* libz.1.2.5.tbd in Frameworks */ = {isa = PBXBuildFile; fileRef = 4107819B1FA778F900D702D7 /* libz.1.2.5.tbd */; };
		4107819E1FA778F900D702D7 /* libz.tbd in Frameworks */ = {isa = PBXBuildFile; fileRef = 4107819C1FA778F900D702D7 /* libz.tbd */; };
		410781A01FA7790700D702D7 /* libsqlite3.0.tbd in Frameworks */ = {isa = PBXBuildFile; fileRef = 4107819F1FA7790700D702D7 /* libsqlite3.0.tbd */; };
		410781A21FA7791400D702D7 /* MobileCoreServices.framework in Frameworks */ = {isa = PBXBuildFile; fileRef = 410781A11FA7791400D702D7 /* MobileCoreServices.framework */; };
		410781A41FA7792100D702D7 /* SystemConfiguration.framework in Frameworks */ = {isa = PBXBuildFile; fileRef = 410781A31FA7792100D702D7 /* SystemConfiguration.framework */; };
		410781A61FA7792D00D702D7 /* Accelerate.framework in Frameworks */ = {isa = PBXBuildFile; fileRef = 410781A51FA7792D00D702D7 /* Accelerate.framework */; };
		410781A81FA7793700D702D7 /* CoreData.framework in Frameworks */ = {isa = PBXBuildFile; fileRef = 410781A71FA7793700D702D7 /* CoreData.framework */; };
		410781AA1FA7794100D702D7 /* MessageUI.framework in Frameworks */ = {isa = PBXBuildFile; fileRef = 410781A91FA7794100D702D7 /* MessageUI.framework */; };
		410781AC1FA7794900D702D7 /* OpenGLES.framework in Frameworks */ = {isa = PBXBuildFile; fileRef = 410781AB1FA7794900D702D7 /* OpenGLES.framework */; };
		410781AE1FA7795100D702D7 /* QuartzCore.framework in Frameworks */ = {isa = PBXBuildFile; fileRef = 410781AD1FA7795100D702D7 /* QuartzCore.framework */; };
		410781B41FA7FB2600D702D7 /* Const.swift in Sources */ = {isa = PBXBuildFile; fileRef = 410781B31FA7FB2600D702D7 /* Const.swift */; };
		410781B61FA8016B00D702D7 /* PostData.swift in Sources */ = {isa = PBXBuildFile; fileRef = 410781B51FA8016B00D702D7 /* PostData.swift */; };
		410781B91FA8034E00D702D7 /* PostTableViewCell.swift in Sources */ = {isa = PBXBuildFile; fileRef = 410781B71FA8034E00D702D7 /* PostTableViewCell.swift */; };
		410781BA1FA8034E00D702D7 /* PostTableViewCell.xib in Resources */ = {isa = PBXBuildFile; fileRef = 410781B81FA8034E00D702D7 /* PostTableViewCell.xib */; };
		417A8CDF1FA1D93B006B640A /* GoogleService-Info.plist in Resources */ = {isa = PBXBuildFile; fileRef = 417A8CDE1FA1D93B006B640A /* GoogleService-Info.plist */; };
		41E0AC1A1FA1AB1600A3FA03 /* AppDelegate.swift in Sources */ = {isa = PBXBuildFile; fileRef = 41E0AC191FA1AB1600A3FA03 /* AppDelegate.swift */; };
		41E0AC1C1FA1AB1600A3FA03 /* ViewController.swift in Sources */ = {isa = PBXBuildFile; fileRef = 41E0AC1B1FA1AB1600A3FA03 /* ViewController.swift */; };
		41E0AC1F1FA1AB1600A3FA03 /* Main.storyboard in Resources */ = {isa = PBXBuildFile; fileRef = 41E0AC1D1FA1AB1600A3FA03 /* Main.storyboard */; };
		41E0AC211FA1AB1600A3FA03 /* Assets.xcassets in Resources */ = {isa = PBXBuildFile; fileRef = 41E0AC201FA1AB1600A3FA03 /* Assets.xcassets */; };
		41E0AC241FA1AB1600A3FA03 /* LaunchScreen.storyboard in Resources */ = {isa = PBXBuildFile; fileRef = 41E0AC221FA1AB1600A3FA03 /* LaunchScreen.storyboard */; };
		41E0AC2C1FA1AB3B00A3FA03 /* LoginViewController.swift in Sources */ = {isa = PBXBuildFile; fileRef = 41E0AC2B1FA1AB3B00A3FA03 /* LoginViewController.swift */; };
		41E0AC2E1FA1AB4900A3FA03 /* HomeViewController.swift in Sources */ = {isa = PBXBuildFile; fileRef = 41E0AC2D1FA1AB4900A3FA03 /* HomeViewController.swift */; };
		41E0AC301FA1AB5900A3FA03 /* ImageSelectViewController.swift in Sources */ = {isa = PBXBuildFile; fileRef = 41E0AC2F1FA1AB5900A3FA03 /* ImageSelectViewController.swift */; };
		41E0AC321FA1AB6600A3FA03 /* PostViewController.swift in Sources */ = {isa = PBXBuildFile; fileRef = 41E0AC311FA1AB6600A3FA03 /* PostViewController.swift */; };
		41E0AC341FA1AB7300A3FA03 /* SettingViewController.swift in Sources */ = {isa = PBXBuildFile; fileRef = 41E0AC331FA1AB7300A3FA03 /* SettingViewController.swift */; };
		D2BF458B440534C62F167EC8 /* Pods_Instagram.framework in Frameworks */ = {isa = PBXBuildFile; fileRef = 8000BECE37FCB7FFC2549EFD /* Pods_Instagram.framework */; };
/* End PBXBuildFile section */

/* Begin PBXCopyFilesBuildPhase section */
		410781961FA776EA00D702D7 /* Embed Frameworks */ = {
			isa = PBXCopyFilesBuildPhase;
			buildActionMask = 2147483647;
			dstPath = "";
			dstSubfolderSpec = 10;
			files = (
				410781981FA776F000D702D7 /* AdobeCreativeSDKImage.framework in Embed Frameworks */,
				410781951FA776E900D702D7 /* AdobeCreativeSDKCore.framework in Embed Frameworks */,
			);
			name = "Embed Frameworks";
			runOnlyForDeploymentPostprocessing = 0;
		};
/* End PBXCopyFilesBuildPhase section */

/* Begin PBXFileReference section */
		01706CFB10C745E731C7D8DF /* Pods-Instagram.release.xcconfig */ = {isa = PBXFileReference; includeInIndex = 1; lastKnownFileType = text.xcconfig; name = "Pods-Instagram.release.xcconfig"; path = "Pods/Target Support Files/Pods-Instagram/Pods-Instagram.release.xcconfig"; sourceTree = "<group>"; };
		410781901FA7768A00D702D7 /* AdobeCreativeSDKCore.framework */ = {isa = PBXFileReference; lastKnownFileType = wrapper.framework; path = AdobeCreativeSDKCore.framework; sourceTree = "<group>"; };
		410781911FA7768A00D702D7 /* AdobeCreativeSDKImage.framework */ = {isa = PBXFileReference; lastKnownFileType = wrapper.framework; path = AdobeCreativeSDKImage.framework; sourceTree = "<group>"; };
		410781991FA778D400D702D7 /* libc++.tbd */ = {isa = PBXFileReference; lastKnownFileType = "sourcecode.text-based-dylib-definition"; name = "libc++.tbd"; path = "usr/lib/libc++.tbd"; sourceTree = SDKROOT; };
		4107819B1FA778F900D702D7 /* libz.1.2.5.tbd */ = {isa = PBXFileReference; lastKnownFileType = "sourcecode.text-based-dylib-definition"; name = libz.1.2.5.tbd; path = usr/lib/libz.1.2.5.tbd; sourceTree = SDKROOT; };
		4107819C1FA778F900D702D7 /* libz.tbd */ = {isa = PBXFileReference; lastKnownFileType = "sourcecode.text-based-dylib-definition"; name = libz.tbd; path = usr/lib/libz.tbd; sourceTree = SDKROOT; };
		4107819F1FA7790700D702D7 /* libsqlite3.0.tbd */ = {isa = PBXFileReference; lastKnownFileType = "sourcecode.text-based-dylib-definition"; name = libsqlite3.0.tbd; path = usr/lib/libsqlite3.0.tbd; sourceTree = SDKROOT; };
		410781A11FA7791400D702D7 /* MobileCoreServices.framework */ = {isa = PBXFileReference; lastKnownFileType = wrapper.framework; name = MobileCoreServices.framework; path = System/Library/Frameworks/MobileCoreServices.framework; sourceTree = SDKROOT; };
		410781A31FA7792100D702D7 /* SystemConfiguration.framework */ = {isa = PBXFileReference; lastKnownFileType = wrapper.framework; name = SystemConfiguration.framework; path = System/Library/Frameworks/SystemConfiguration.framework; sourceTree = SDKROOT; };
		410781A51FA7792D00D702D7 /* Accelerate.framework */ = {isa = PBXFileReference; lastKnownFileType = wrapper.framework; name = Accelerate.framework; path = System/Library/Frameworks/Accelerate.framework; sourceTree = SDKROOT; };
		410781A71FA7793700D702D7 /* CoreData.framework */ = {isa = PBXFileReference; lastKnownFileType = wrapper.framework; name = CoreData.framework; path = System/Library/Frameworks/CoreData.framework; sourceTree = SDKROOT; };
		410781A91FA7794100D702D7 /* MessageUI.framework */ = {isa = PBXFileReference; lastKnownFileType = wrapper.framework; name = MessageUI.framework; path = System/Library/Frameworks/MessageUI.framework; sourceTree = SDKROOT; };
		410781AB1FA7794900D702D7 /* OpenGLES.framework */ = {isa = PBXFileReference; lastKnownFileType = wrapper.framework; name = OpenGLES.framework; path = System/Library/Frameworks/OpenGLES.framework; sourceTree = SDKROOT; };
		410781AD1FA7795100D702D7 /* QuartzCore.framework */ = {isa = PBXFileReference; lastKnownFileType = wrapper.framework; name = QuartzCore.framework; path = System/Library/Frameworks/QuartzCore.framework; sourceTree = SDKROOT; };
		410781B21FA77B2C00D702D7 /* Instagram-Bridging-Header.h */ = {isa = PBXFileReference; lastKnownFileType = sourcecode.c.h; path = "Instagram-Bridging-Header.h"; sourceTree = "<group>"; };
		410781B31FA7FB2600D702D7 /* Const.swift */ = {isa = PBXFileReference; fileEncoding = 4; lastKnownFileType = sourcecode.swift; path = Const.swift; sourceTree = "<group>"; };
		410781B51FA8016B00D702D7 /* PostData.swift */ = {isa = PBXFileReference; fileEncoding = 4; lastKnownFileType = sourcecode.swift; path = PostData.swift; sourceTree = "<group>"; };
		410781B71FA8034E00D702D7 /* PostTableViewCell.swift */ = {isa = PBXFileReference; fileEncoding = 4; lastKnownFileType = sourcecode.swift; path = PostTableViewCell.swift; sourceTree = "<group>"; };
		410781B81FA8034E00D702D7 /* PostTableViewCell.xib */ = {isa = PBXFileReference; fileEncoding = 4; lastKnownFileType = file.xib; path = PostTableViewCell.xib; sourceTree = "<group>"; };
		417A8CDE1FA1D93B006B640A /* GoogleService-Info.plist */ = {isa = PBXFileReference; fileEncoding = 4; lastKnownFileType = text.plist.xml; path = "GoogleService-Info.plist"; sourceTree = "<group>"; };
		41E0AC161FA1AB1600A3FA03 /* Instagram.app */ = {isa = PBXFileReference; explicitFileType = wrapper.application; includeInIndex = 0; path = Instagram.app; sourceTree = BUILT_PRODUCTS_DIR; };
		41E0AC191FA1AB1600A3FA03 /* AppDelegate.swift */ = {isa = PBXFileReference; lastKnownFileType = sourcecode.swift; path = AppDelegate.swift; sourceTree = "<group>"; };
		41E0AC1B1FA1AB1600A3FA03 /* ViewController.swift */ = {isa = PBXFileReference; lastKnownFileType = sourcecode.swift; path = ViewController.swift; sourceTree = "<group>"; };
		41E0AC1E1FA1AB1600A3FA03 /* Base */ = {isa = PBXFileReference; lastKnownFileType = file.storyboard; name = Base; path = Base.lproj/Main.storyboard; sourceTree = "<group>"; };
		41E0AC201FA1AB1600A3FA03 /* Assets.xcassets */ = {isa = PBXFileReference; lastKnownFileType = folder.assetcatalog; path = Assets.xcassets; sourceTree = "<group>"; };
		41E0AC231FA1AB1600A3FA03 /* Base */ = {isa = PBXFileReference; lastKnownFileType = file.storyboard; name = Base; path = Base.lproj/LaunchScreen.storyboard; sourceTree = "<group>"; };
		41E0AC251FA1AB1600A3FA03 /* Info.plist */ = {isa = PBXFileReference; lastKnownFileType = text.plist.xml; path = Info.plist; sourceTree = "<group>"; };
		41E0AC2B1FA1AB3B00A3FA03 /* LoginViewController.swift */ = {isa = PBXFileReference; fileEncoding = 4; lastKnownFileType = sourcecode.swift; path = LoginViewController.swift; sourceTree = "<group>"; };
		41E0AC2D1FA1AB4900A3FA03 /* HomeViewController.swift */ = {isa = PBXFileReference; fileEncoding = 4; lastKnownFileType = sourcecode.swift; path = HomeViewController.swift; sourceTree = "<group>"; };
		41E0AC2F1FA1AB5900A3FA03 /* ImageSelectViewController.swift */ = {isa = PBXFileReference; fileEncoding = 4; lastKnownFileType = sourcecode.swift; path = ImageSelectViewController.swift; sourceTree = "<group>"; };
		41E0AC311FA1AB6600A3FA03 /* PostViewController.swift */ = {isa = PBXFileReference; fileEncoding = 4; lastKnownFileType = sourcecode.swift; path = PostViewController.swift; sourceTree = "<group>"; };
		41E0AC331FA1AB7300A3FA03 /* SettingViewController.swift */ = {isa = PBXFileReference; fileEncoding = 4; lastKnownFileType = sourcecode.swift; path = SettingViewController.swift; sourceTree = "<group>"; };
		8000BECE37FCB7FFC2549EFD /* Pods_Instagram.framework */ = {isa = PBXFileReference; explicitFileType = wrapper.framework; includeInIndex = 0; path = Pods_Instagram.framework; sourceTree = BUILT_PRODUCTS_DIR; };
		EA231A823B3A6E25D886F44F /* Pods-Instagram.debug.xcconfig */ = {isa = PBXFileReference; includeInIndex = 1; lastKnownFileType = text.xcconfig; name = "Pods-Instagram.debug.xcconfig"; path = "Pods/Target Support Files/Pods-Instagram/Pods-Instagram.debug.xcconfig"; sourceTree = "<group>"; };
/* End PBXFileReference section */

/* Begin PBXFrameworksBuildPhase section */
		41E0AC131FA1AB1600A3FA03 /* Frameworks */ = {
			isa = PBXFrameworksBuildPhase;
			buildActionMask = 2147483647;
			files = (
				410781AE1FA7795100D702D7 /* QuartzCore.framework in Frameworks */,
				410781AC1FA7794900D702D7 /* OpenGLES.framework in Frameworks */,
				410781AA1FA7794100D702D7 /* MessageUI.framework in Frameworks */,
				410781A81FA7793700D702D7 /* CoreData.framework in Frameworks */,
				410781A61FA7792D00D702D7 /* Accelerate.framework in Frameworks */,
				410781A41FA7792100D702D7 /* SystemConfiguration.framework in Frameworks */,
				410781A21FA7791400D702D7 /* MobileCoreServices.framework in Frameworks */,
				410781A01FA7790700D702D7 /* libsqlite3.0.tbd in Frameworks */,
				4107819D1FA778F900D702D7 /* libz.1.2.5.tbd in Frameworks */,
				4107819E1FA778F900D702D7 /* libz.tbd in Frameworks */,
				4107819A1FA778D400D702D7 /* libc++.tbd in Frameworks */,
				D2BF458B440534C62F167EC8 /* Pods_Instagram.framework in Frameworks */,
				410781931FA7768A00D702D7 /* AdobeCreativeSDKImage.framework in Frameworks */,
				410781921FA7768A00D702D7 /* AdobeCreativeSDKCore.framework in Frameworks */,
			);
			runOnlyForDeploymentPostprocessing = 0;
		};
/* End PBXFrameworksBuildPhase section */

/* Begin PBXGroup section */
		41E0AC0D1FA1AB1600A3FA03 = {
			isa = PBXGroup;
			children = (
				41E0AC181FA1AB1600A3FA03 /* Instagram */,
				41E0AC171FA1AB1600A3FA03 /* Products */,
				CD6A0B33838D38E528FFFEC1 /* Pods */,
				7F3F80F730056522C85D8B8B /* Frameworks */,
			);
			sourceTree = "<group>";
		};
		41E0AC171FA1AB1600A3FA03 /* Products */ = {
			isa = PBXGroup;
			children = (
				41E0AC161FA1AB1600A3FA03 /* Instagram.app */,
			);
			name = Products;
			sourceTree = "<group>";
		};
		41E0AC181FA1AB1600A3FA03 /* Instagram */ = {
			isa = PBXGroup;
			children = (
				410781901FA7768A00D702D7 /* AdobeCreativeSDKCore.framework */,
				410781911FA7768A00D702D7 /* AdobeCreativeSDKImage.framework */,
				41E0AC191FA1AB1600A3FA03 /* AppDelegate.swift */,
				41E0AC1B1FA1AB1600A3FA03 /* ViewController.swift */,
				41E0AC1D1FA1AB1600A3FA03 /* Main.storyboard */,
				41E0AC201FA1AB1600A3FA03 /* Assets.xcassets */,
				41E0AC221FA1AB1600A3FA03 /* LaunchScreen.storyboard */,
				41E0AC251FA1AB1600A3FA03 /* Info.plist */,
				41E0AC2B1FA1AB3B00A3FA03 /* LoginViewController.swift */,
				417A8CDE1FA1D93B006B640A /* GoogleService-Info.plist */,
				41E0AC2D1FA1AB4900A3FA03 /* HomeViewController.swift */,
				41E0AC2F1FA1AB5900A3FA03 /* ImageSelectViewController.swift */,
				41E0AC311FA1AB6600A3FA03 /* PostViewController.swift */,
				41E0AC331FA1AB7300A3FA03 /* SettingViewController.swift */,
				410781B21FA77B2C00D702D7 /* Instagram-Bridging-Header.h */,
				410781B31FA7FB2600D702D7 /* Const.swift */,
				410781B51FA8016B00D702D7 /* PostData.swift */,
				410781B71FA8034E00D702D7 /* PostTableViewCell.swift */,
				410781B81FA8034E00D702D7 /* PostTableViewCell.xib */,
			);
			path = Instagram;
			sourceTree = "<group>";
		};
		7F3F80F730056522C85D8B8B /* Frameworks */ = {
			isa = PBXGroup;
			children = (
				410781AD1FA7795100D702D7 /* QuartzCore.framework */,
				410781AB1FA7794900D702D7 /* OpenGLES.framework */,
				410781A91FA7794100D702D7 /* MessageUI.framework */,
				410781A71FA7793700D702D7 /* CoreData.framework */,
				410781A51FA7792D00D702D7 /* Accelerate.framework */,
				410781A31FA7792100D702D7 /* SystemConfiguration.framework */,
				410781A11FA7791400D702D7 /* MobileCoreServices.framework */,
				4107819F1FA7790700D702D7 /* libsqlite3.0.tbd */,
				4107819B1FA778F900D702D7 /* libz.1.2.5.tbd */,
				4107819C1FA778F900D702D7 /* libz.tbd */,
				410781991FA778D400D702D7 /* libc++.tbd */,
				8000BECE37FCB7FFC2549EFD /* Pods_Instagram.framework */,
			);
			name = Frameworks;
			sourceTree = "<group>";
		};
		CD6A0B33838D38E528FFFEC1 /* Pods */ = {
			isa = PBXGroup;
			children = (
				EA231A823B3A6E25D886F44F /* Pods-Instagram.debug.xcconfig */,
				01706CFB10C745E731C7D8DF /* Pods-Instagram.release.xcconfig */,
			);
			name = Pods;
			sourceTree = "<group>";
		};
/* End PBXGroup section */

/* Begin PBXNativeTarget section */
		41E0AC151FA1AB1600A3FA03 /* Instagram */ = {
			isa = PBXNativeTarget;
			buildConfigurationList = 41E0AC281FA1AB1600A3FA03 /* Build configuration list for PBXNativeTarget "Instagram" */;
			buildPhases = (
				5CCEDDD508AB999CBCD814BA /* [CP] Check Pods Manifest.lock */,
				41E0AC121FA1AB1600A3FA03 /* Sources */,
				41E0AC131FA1AB1600A3FA03 /* Frameworks */,
				41E0AC141FA1AB1600A3FA03 /* Resources */,
				4925B74D4330BA96CC44F76F /* [CP] Embed Pods Frameworks */,
				FC7D8ED823FF3820B4729A45 /* [CP] Copy Pods Resources */,
				410781961FA776EA00D702D7 /* Embed Frameworks */,
				410781AF1FA7797A00D702D7 /* ShellScript */,
			);
			buildRules = (
			);
			dependencies = (
			);
			name = Instagram;
			productName = Instagram;
			productReference = 41E0AC161FA1AB1600A3FA03 /* Instagram.app */;
			productType = "com.apple.product-type.application";
		};
/* End PBXNativeTarget section */

/* Begin PBXProject section */
		41E0AC0E1FA1AB1600A3FA03 /* Project object */ = {
			isa = PBXProject;
			attributes = {
				LastSwiftUpdateCheck = 0830;
				LastUpgradeCheck = 0830;
				ORGANIZATIONNAME = "Yasushi Asahi";
				TargetAttributes = {
					41E0AC151FA1AB1600A3FA03 = {
						CreatedOnToolsVersion = 8.3.3;
						ProvisioningStyle = Automatic;
					};
				};
			};
			buildConfigurationList = 41E0AC111FA1AB1600A3FA03 /* Build configuration list for PBXProject "Instagram" */;
			compatibilityVersion = "Xcode 3.2";
			developmentRegion = English;
			hasScannedForEncodings = 0;
			knownRegions = (
				en,
				Base,
			);
			mainGroup = 41E0AC0D1FA1AB1600A3FA03;
			productRefGroup = 41E0AC171FA1AB1600A3FA03 /* Products */;
			projectDirPath = "";
			projectRoot = "";
			targets = (
				41E0AC151FA1AB1600A3FA03 /* Instagram */,
			);
		};
/* End PBXProject section */

/* Begin PBXResourcesBuildPhase section */
		41E0AC141FA1AB1600A3FA03 /* Resources */ = {
			isa = PBXResourcesBuildPhase;
			buildActionMask = 2147483647;
			files = (
				41E0AC241FA1AB1600A3FA03 /* LaunchScreen.storyboard in Resources */,
				410781BA1FA8034E00D702D7 /* PostTableViewCell.xib in Resources */,
				417A8CDF1FA1D93B006B640A /* GoogleService-Info.plist in Resources */,
				41E0AC211FA1AB1600A3FA03 /* Assets.xcassets in Resources */,
				41E0AC1F1FA1AB1600A3FA03 /* Main.storyboard in Resources */,
			);
			runOnlyForDeploymentPostprocessing = 0;
		};
/* End PBXResourcesBuildPhase section */

/* Begin PBXShellScriptBuildPhase section */
		410781AF1FA7797A00D702D7 /* ShellScript */ = {
			isa = PBXShellScriptBuildPhase;
			buildActionMask = 2147483647;
			files = (
			);
			inputPaths = (
			);
			outputPaths = (
			);
			runOnlyForDeploymentPostprocessing = 0;
			shellPath = /bin/sh;
			shellScript = "bash \"${BUILT_PRODUCTS_DIR}/${FRAMEWORKS_FOLDER_PATH}/AdobeCreativeSDKCore.framework/strip-frameworks.sh\"";
		};
		4925B74D4330BA96CC44F76F /* [CP] Embed Pods Frameworks */ = {
			isa = PBXShellScriptBuildPhase;
			buildActionMask = 2147483647;
			files = (
			);
			inputPaths = (
				"${SRCROOT}/Pods/Target Support Files/Pods-Instagram/Pods-Instagram-frameworks.sh",
				"${BUILT_PRODUCTS_DIR}/ESTabBarController/ESTabBarController.framework",
				"${BUILT_PRODUCTS_DIR}/GTMSessionFetcher/GTMSessionFetcher.framework",
				"${BUILT_PRODUCTS_DIR}/GoogleToolboxForMac/GoogleToolboxForMac.framework",
				"${BUILT_PRODUCTS_DIR}/SVProgressHUD/SVProgressHUD.framework",
				"${BUILT_PRODUCTS_DIR}/leveldb-library/leveldb.framework",
				"${BUILT_PRODUCTS_DIR}/nanopb/nanopb.framework",
			);
			name = "[CP] Embed Pods Frameworks";
			outputPaths = (
				"${TARGET_BUILD_DIR}/${FRAMEWORKS_FOLDER_PATH}/ESTabBarController.framework",
				"${TARGET_BUILD_DIR}/${FRAMEWORKS_FOLDER_PATH}/GTMSessionFetcher.framework",
				"${TARGET_BUILD_DIR}/${FRAMEWORKS_FOLDER_PATH}/GoogleToolboxForMac.framework",
				"${TARGET_BUILD_DIR}/${FRAMEWORKS_FOLDER_PATH}/SVProgressHUD.framework",
				"${TARGET_BUILD_DIR}/${FRAMEWORKS_FOLDER_PATH}/leveldb.framework",
				"${TARGET_BUILD_DIR}/${FRAMEWORKS_FOLDER_PATH}/nanopb.framework",
			);
			runOnlyForDeploymentPostprocessing = 0;
			shellPath = /bin/sh;
			shellScript = "\"${SRCROOT}/Pods/Target Support Files/Pods-Instagram/Pods-Instagram-frameworks.sh\"\n";
			showEnvVarsInLog = 0;
		};
		5CCEDDD508AB999CBCD814BA /* [CP] Check Pods Manifest.lock */ = {
			isa = PBXShellScriptBuildPhase;
			buildActionMask = 2147483647;
			files = (
			);
			inputPaths = (
				"${PODS_PODFILE_DIR_PATH}/Podfile.lock",
				"${PODS_ROOT}/Manifest.lock",
			);
			name = "[CP] Check Pods Manifest.lock";
			outputPaths = (
				"$(DERIVED_FILE_DIR)/Pods-Instagram-checkManifestLockResult.txt",
			);
			runOnlyForDeploymentPostprocessing = 0;
			shellPath = /bin/sh;
			shellScript = "diff \"${PODS_PODFILE_DIR_PATH}/Podfile.lock\" \"${PODS_ROOT}/Manifest.lock\" > /dev/null\nif [ $? != 0 ] ; then\n    # print error to STDERR\n    echo \"error: The sandbox is not in sync with the Podfile.lock. Run 'pod install' or update your CocoaPods installation.\" >&2\n    exit 1\nfi\n# This output is used by Xcode 'outputs' to avoid re-running this script phase.\necho \"SUCCESS\" > \"${SCRIPT_OUTPUT_FILE_0}\"\n";
			showEnvVarsInLog = 0;
		};
		FC7D8ED823FF3820B4729A45 /* [CP] Copy Pods Resources */ = {
			isa = PBXShellScriptBuildPhase;
			buildActionMask = 2147483647;
			files = (
			);
			inputPaths = (
			);
			name = "[CP] Copy Pods Resources";
			outputPaths = (
			);
			runOnlyForDeploymentPostprocessing = 0;
			shellPath = /bin/sh;
			shellScript = "\"${SRCROOT}/Pods/Target Support Files/Pods-Instagram/Pods-Instagram-resources.sh\"\n";
			showEnvVarsInLog = 0;
		};
/* End PBXShellScriptBuildPhase section */

/* Begin PBXSourcesBuildPhase section */
		41E0AC121FA1AB1600A3FA03 /* Sources */ = {
			isa = PBXSourcesBuildPhase;
			buildActionMask = 2147483647;
			files = (
				41E0AC321FA1AB6600A3FA03 /* PostViewController.swift in Sources */,
				410781B61FA8016B00D702D7 /* PostData.swift in Sources */,
				41E0AC2C1FA1AB3B00A3FA03 /* LoginViewController.swift in Sources */,
				41E0AC1C1FA1AB1600A3FA03 /* ViewController.swift in Sources */,
				41E0AC1A1FA1AB1600A3FA03 /* AppDelegate.swift in Sources */,
				41E0AC301FA1AB5900A3FA03 /* ImageSelectViewController.swift in Sources */,
				410781B41FA7FB2600D702D7 /* Const.swift in Sources */,
				410781B91FA8034E00D702D7 /* PostTableViewCell.swift in Sources */,
				41E0AC341FA1AB7300A3FA03 /* SettingViewController.swift in Sources */,
				41E0AC2E1FA1AB4900A3FA03 /* HomeViewController.swift in Sources */,
			);
			runOnlyForDeploymentPostprocessing = 0;
		};
/* End PBXSourcesBuildPhase section */

/* Begin PBXVariantGroup section */
		41E0AC1D1FA1AB1600A3FA03 /* Main.storyboard */ = {
			isa = PBXVariantGroup;
			children = (
				41E0AC1E1FA1AB1600A3FA03 /* Base */,
			);
			name = Main.storyboard;
			sourceTree = "<group>";
		};
		41E0AC221FA1AB1600A3FA03 /* LaunchScreen.storyboard */ = {
			isa = PBXVariantGroup;
			children = (
				41E0AC231FA1AB1600A3FA03 /* Base */,
			);
			name = LaunchScreen.storyboard;
			sourceTree = "<group>";
		};
/* End PBXVariantGroup section */

/* Begin XCBuildConfiguration section */
		41E0AC261FA1AB1600A3FA03 /* Debug */ = {
			isa = XCBuildConfiguration;
			buildSettings = {
				ALWAYS_SEARCH_USER_PATHS = NO;
				CLANG_ANALYZER_NONNULL = YES;
				CLANG_ANALYZER_NUMBER_OBJECT_CONVERSION = YES_AGGRESSIVE;
				CLANG_CXX_LANGUAGE_STANDARD = "gnu++0x";
				CLANG_CXX_LIBRARY = "libc++";
				CLANG_ENABLE_MODULES = YES;
				CLANG_ENABLE_OBJC_ARC = YES;
				CLANG_WARN_BOOL_CONVERSION = YES;
				CLANG_WARN_CONSTANT_CONVERSION = YES;
				CLANG_WARN_DIRECT_OBJC_ISA_USAGE = YES_ERROR;
				CLANG_WARN_DOCUMENTATION_COMMENTS = YES;
				CLANG_WARN_EMPTY_BODY = YES;
				CLANG_WARN_ENUM_CONVERSION = YES;
				CLANG_WARN_INFINITE_RECURSION = YES;
				CLANG_WARN_INT_CONVERSION = YES;
				CLANG_WARN_OBJC_ROOT_CLASS = YES_ERROR;
				CLANG_WARN_SUSPICIOUS_MOVE = YES;
				CLANG_WARN_UNREACHABLE_CODE = YES;
				CLANG_WARN__DUPLICATE_METHOD_MATCH = YES;
				"CODE_SIGN_IDENTITY[sdk=iphoneos*]" = "iPhone Developer";
				COPY_PHASE_STRIP = NO;
				DEBUG_INFORMATION_FORMAT = dwarf;
				ENABLE_STRICT_OBJC_MSGSEND = YES;
				ENABLE_TESTABILITY = YES;
				GCC_C_LANGUAGE_STANDARD = gnu99;
				GCC_DYNAMIC_NO_PIC = NO;
				GCC_NO_COMMON_BLOCKS = YES;
				GCC_OPTIMIZATION_LEVEL = 0;
				GCC_PREPROCESSOR_DEFINITIONS = (
					"DEBUG=1",
					"$(inherited)",
				);
				GCC_WARN_64_TO_32_BIT_CONVERSION = YES;
				GCC_WARN_ABOUT_RETURN_TYPE = YES_ERROR;
				GCC_WARN_UNDECLARED_SELECTOR = YES;
				GCC_WARN_UNINITIALIZED_AUTOS = YES_AGGRESSIVE;
				GCC_WARN_UNUSED_FUNCTION = YES;
				GCC_WARN_UNUSED_VARIABLE = YES;
				IPHONEOS_DEPLOYMENT_TARGET = 10.3;
				MTL_ENABLE_DEBUG_INFO = YES;
				ONLY_ACTIVE_ARCH = YES;
				SDKROOT = iphoneos;
				SWIFT_ACTIVE_COMPILATION_CONDITIONS = DEBUG;
				SWIFT_OPTIMIZATION_LEVEL = "-Onone";
			};
			name = Debug;
		};
		41E0AC271FA1AB1600A3FA03 /* Release */ = {
			isa = XCBuildConfiguration;
			buildSettings = {
				ALWAYS_SEARCH_USER_PATHS = NO;
				CLANG_ANALYZER_NONNULL = YES;
				CLANG_ANALYZER_NUMBER_OBJECT_CONVERSION = YES_AGGRESSIVE;
				CLANG_CXX_LANGUAGE_STANDARD = "gnu++0x";
				CLANG_CXX_LIBRARY = "libc++";
				CLANG_ENABLE_MODULES = YES;
				CLANG_ENABLE_OBJC_ARC = YES;
				CLANG_WARN_BOOL_CONVERSION = YES;
				CLANG_WARN_CONSTANT_CONVERSION = YES;
				CLANG_WARN_DIRECT_OBJC_ISA_USAGE = YES_ERROR;
				CLANG_WARN_DOCUMENTATION_COMMENTS = YES;
				CLANG_WARN_EMPTY_BODY = YES;
				CLANG_WARN_ENUM_CONVERSION = YES;
				CLANG_WARN_INFINITE_RECURSION = YES;
				CLANG_WARN_INT_CONVERSION = YES;
				CLANG_WARN_OBJC_ROOT_CLASS = YES_ERROR;
				CLANG_WARN_SUSPICIOUS_MOVE = YES;
				CLANG_WARN_UNREACHABLE_CODE = YES;
				CLANG_WARN__DUPLICATE_METHOD_MATCH = YES;
				"CODE_SIGN_IDENTITY[sdk=iphoneos*]" = "iPhone Developer";
				COPY_PHASE_STRIP = NO;
				DEBUG_INFORMATION_FORMAT = "dwarf-with-dsym";
				ENABLE_NS_ASSERTIONS = NO;
				ENABLE_STRICT_OBJC_MSGSEND = YES;
				GCC_C_LANGUAGE_STANDARD = gnu99;
				GCC_NO_COMMON_BLOCKS = YES;
				GCC_WARN_64_TO_32_BIT_CONVERSION = YES;
				GCC_WARN_ABOUT_RETURN_TYPE = YES_ERROR;
				GCC_WARN_UNDECLARED_SELECTOR = YES;
				GCC_WARN_UNINITIALIZED_AUTOS = YES_AGGRESSIVE;
				GCC_WARN_UNUSED_FUNCTION = YES;
				GCC_WARN_UNUSED_VARIABLE = YES;
				IPHONEOS_DEPLOYMENT_TARGET = 10.3;
				MTL_ENABLE_DEBUG_INFO = NO;
				SDKROOT = iphoneos;
				SWIFT_OPTIMIZATION_LEVEL = "-Owholemodule";
				VALIDATE_PRODUCT = YES;
			};
			name = Release;
		};
		41E0AC291FA1AB1600A3FA03 /* Debug */ = {
			isa = XCBuildConfiguration;
			baseConfigurationReference = EA231A823B3A6E25D886F44F /* Pods-Instagram.debug.xcconfig */;
			buildSettings = {
				ASSETCATALOG_COMPILER_APPICON_NAME = AppIcon;
				FRAMEWORK_SEARCH_PATHS = (
					"$(inherited)",
					"$(PROJECT_DIR)/Instagram",
				);
				INFOPLIST_FILE = Instagram/Info.plist;
				LD_RUNPATH_SEARCH_PATHS = "$(inherited) @executable_path/Frameworks";
				PRODUCT_BUNDLE_IDENTIFIER = jp.techacademy.yasushi.asahi.Instagram;
				PRODUCT_NAME = "$(TARGET_NAME)";
				SWIFT_OBJC_BRIDGING_HEADER = "Instagram/Instagram-Bridging-Header.h";
				SWIFT_VERSION = 3.0;
			};
			name = Debug;
		};
		41E0AC2A1FA1AB1600A3FA03 /* Release */ = {
			isa = XCBuildConfiguration;
			baseConfigurationReference = 01706CFB10C745E731C7D8DF /* Pods-Instagram.release.xcconfig */;
			buildSettings = {
				ASSETCATALOG_COMPILER_APPICON_NAME = AppIcon;
				FRAMEWORK_SEARCH_PATHS = (
					"$(inherited)",
					"$(PROJECT_DIR)/Instagram",
				);
				INFOPLIST_FILE = Instagram/Info.plist;
				LD_RUNPATH_SEARCH_PATHS = "$(inherited) @executable_path/Frameworks";
				PRODUCT_BUNDLE_IDENTIFIER = jp.techacademy.yasushi.asahi.Instagram;
				PRODUCT_NAME = "$(TARGET_NAME)";
				SWIFT_OBJC_BRIDGING_HEADER = "Instagram/Instagram-Bridging-Header.h";
				SWIFT_VERSION = 3.0;
			};
			name = Release;
		};
/* End XCBuildConfiguration section */

/* Begin XCConfigurationList section */
		41E0AC111FA1AB1600A3FA03 /* Build configuration list for PBXProject "Instagram" */ = {
			isa = XCConfigurationList;
			buildConfigurations = (
				41E0AC261FA1AB1600A3FA03 /* Debug */,
				41E0AC271FA1AB1600A3FA03 /* Release */,
			);
			defaultConfigurationIsVisible = 0;
			defaultConfigurationName = Release;
		};
		41E0AC281FA1AB1600A3FA03 /* Build configuration list for PBXNativeTarget "Instagram" */ = {
			isa = XCConfigurationList;
			buildConfigurations = (
				41E0AC291FA1AB1600A3FA03 /* Debug */,
				41E0AC2A1FA1AB1600A3FA03 /* Release */,
			);
			defaultConfigurationIsVisible = 0;
			defaultConfigurationName = Release;
		};
/* End XCConfigurationList section */
	};
	rootObject = 41E0AC0E1FA1AB1600A3FA03 /* Project object */;
}
